
Microsoft Visual Studio Solution File, Format Version 12.00
# Visual Studio Version 16
VisualStudioVersion = 16.0.30406.169
MinimumVisualStudioVersion = 10.0.40219.1
Project("{2150E333-8FDC-42A3-9474-1A3956D46DE8}") = "BuildInfra", "BuildInfra", "{1B8E4F65-F654-4CBB-A8E7-0F16C850CE95}"
EndProject
Project("{2150E333-8FDC-42A3-9474-1A3956D46DE8}") = "PropsFiles", "PropsFiles", "{73ECEAE4-3734-4D8A-AD32-96FD75CCC9BF}"
	ProjectSection(SolutionItems) = preProject
		BuildInfra\PropsFiles\Common.props = BuildInfra\PropsFiles\Common.props
		BuildInfra\PropsFiles\WPP.targets = BuildInfra\PropsFiles\WPP.targets
	EndProjectSection
EndProject
Project("{2150E333-8FDC-42A3-9474-1A3956D46DE8}") = "Includes", "Includes", "{108E2B3A-F4DD-4FE8-9CEC-8FE35341F0EF}"
	ProjectSection(SolutionItems) = preProject
		BuildInfra\Includes\CastMacros.h = BuildInfra\Includes\CastMacros.h
		BuildInfra\Includes\CommonMacros.h = BuildInfra\Includes\CommonMacros.h
		BuildInfra\Includes\Debug.h = BuildInfra\Includes\Debug.h
		BuildInfra\Includes\GenKernelIncludes.h = BuildInfra\Includes\GenKernelIncludes.h
		BuildInfra\Includes\GenResource.rc1 = BuildInfra\Includes\GenResource.rc1
		BuildInfra\Includes\GenUserIncludes.h = BuildInfra\Includes\GenUserIncludes.h
		BuildInfra\Includes\oem.h = BuildInfra\Includes\oem.h
		BuildInfra\Includes\ProjectVer.h = BuildInfra\Includes\ProjectVer.h
		BuildInfra\Includes\WPP_Guids.h = BuildInfra\Includes\WPP_Guids.h
		BuildInfra\Includes\WPPControl.h = BuildInfra\Includes\WPPControl.h
		BuildInfra\Includes\WppIncludes.h = BuildInfra\Includes\WppIncludes.h
	EndProjectSection
EndProject
Project("{2150E333-8FDC-42A3-9474-1A3956D46DE8}") = "KernelUserCommon", "KernelUserCommon", "{E98F07A0-7C14-4BCE-81D8-9EF684453A70}"
EndProject
Project("{2150E333-8FDC-42A3-9474-1A3956D46DE8}") = "Includes", "Includes", "{1566189B-327A-4BDB-87FC-D67FD692FA7D}"
	ProjectSection(SolutionItems) = preProject
		KernelUserCommon\Includes\NtDllFuncInc.h = KernelUserCommon\Includes\NtDllFuncInc.h
		KernelUserCommon\Includes\NtDllInc.h = KernelUserCommon\Includes\NtDllInc.h
		KernelUserCommon\Includes\RtlNtIncludes.h = KernelUserCommon\Includes\RtlNtIncludes.h
	EndProjectSection
EndProject
Project("{2150E333-8FDC-42A3-9474-1A3956D46DE8}") = "IUserKernelUtils", "IUserKernelUtils", "{094D20E7-AA41-4C2E-B4D4-30E66514ECAF}"
	ProjectSection(SolutionItems) = preProject
		KernelUserCommon\Includes\IUserKernelUtils\IMapFile.h = KernelUserCommon\Includes\IUserKernelUtils\IMapFile.h
		KernelUserCommon\Includes\IUserKernelUtils\IRegUtils.h = KernelUserCommon\Includes\IUserKernelUtils\IRegUtils.h
	EndProjectSection
EndProject
Project("{2150E333-8FDC-42A3-9474-1A3956D46DE8}") = "Libs", "Libs", "{DFBDE9A9-712D-4F7A-BAB6-1ECD90503BA5}"
EndProject
Project("{2150E333-8FDC-42A3-9474-1A3956D46DE8}") = "UserKernelUtils", "UserKernelUtils", "{28AF6A14-2CE2-4D2D-99BA-82E93AA513FB}"
EndProject
Project("{2150E333-8FDC-42A3-9474-1A3956D46DE8}") = "UserKernelUtilsU", "UserKernelUtilsU", "{5094D1CC-1093-49EB-80F1-9E37B95CDD63}"
EndProject
Project("{2150E333-8FDC-42A3-9474-1A3956D46DE8}") = "UserKernelUtilsK", "UserKernelUtilsK", "{5F6CCAD2-FDF3-4F0E-8FF5-842B2191C9DA}"
EndProject
Project("{8BC9CEB8-8B4A-11D0-8D11-00A0C91BC942}") = "UserKernelUtilsK", "KernelUserCommon\Libs\UserKernelUtils\UserKernelUtilsK\UserKernelUtilsK.vcxproj", "{04418EE6-49A0-4255-B73B-99813A42C1E8}"
EndProject
Project("{8BC9CEB8-8B4A-11D0-8D11-00A0C91BC942}") = "UserKernelUtilsU", "KernelUserCommon\Libs\UserKernelUtils\UserKernelUtilsU\UserKernelUtilsU.vcxproj", "{53575FEB-C7AE-4268-8C0A-4475B3213D64}"
EndProject
Project("{8BC9CEB8-8B4A-11D0-8D11-00A0C91BC942}") = "UserKernelUtilsUStat", "KernelUserCommon\Libs\UserKernelUtils\UserKernelUtilsU\UserKernelUtilsUStat.vcxproj", "{0C88F548-D41D-436C-B2A9-F11AD967D669}"
EndProject
Project("{2150E333-8FDC-42A3-9474-1A3956D46DE8}") = "Solution Items", "Solution Items", "{BD18A781-7718-4054-8D1B-418C168D0E4E}"
	ProjectSection(SolutionItems) = preProject
		LICENSE = LICENSE
	EndProjectSection
EndProject
Project("{2150E333-8FDC-42A3-9474-1A3956D46DE8}") = "UserCommon", "UserCommon", "{969C2EE2-2163-458F-9B99-DECE25375A7F}"
EndProject
Project("{2150E333-8FDC-42A3-9474-1A3956D46DE8}") = "Libs", "Libs", "{8E1418A2-202D-4171-8FFB-D158176F2F81}"
EndProject
Project("{2150E333-8FDC-42A3-9474-1A3956D46DE8}") = "Includes", "Includes", "{21CCA8CB-7638-4798-97DF-6D97E0C1A0FD}"
EndProject
Project("{2150E333-8FDC-42A3-9474-1A3956D46DE8}") = "Apps", "Apps", "{54570AF1-0306-4662-84E8-783BFC828499}"
EndProject
Project("{8BC9CEB8-8B4A-11D0-8D11-00A0C91BC942}") = "CliTableGen", "UserCommon\Apps\CliTableGen\CliTableGen.vcxproj", "{44BDC43A-B011-4454-B2D4-3B1C0AA4BBE0}"
	ProjectSection(ProjectDependencies) = postProject
		{53575FEB-C7AE-4268-8C0A-4475B3213D64} = {53575FEB-C7AE-4268-8C0A-4475B3213D64}
	EndProjectSection
EndProject
Global
	GlobalSection(SolutionConfigurationPlatforms) = preSolution
		Debug|x64 = Debug|x64
		Debug|x86 = Debug|x86
		Release|x64 = Release|x64
		Release|x86 = Release|x86
	EndGlobalSection
	GlobalSection(ProjectConfigurationPlatforms) = postSolution
		{04418EE6-49A0-4255-B73B-99813A42C1E8}.Debug|x64.ActiveCfg = Debug|x64
		{04418EE6-49A0-4255-B73B-99813A42C1E8}.Debug|x64.Build.0 = Debug|x64
		{04418EE6-49A0-4255-B73B-99813A42C1E8}.Debug|x64.Deploy.0 = Debug|x64
		{04418EE6-49A0-4255-B73B-99813A42C1E8}.Debug|x86.ActiveCfg = Debug|Win32
		{04418EE6-49A0-4255-B73B-99813A42C1E8}.Debug|x86.Build.0 = Debug|Win32
		{04418EE6-49A0-4255-B73B-99813A42C1E8}.Debug|x86.Deploy.0 = Debug|Win32
		{04418EE6-49A0-4255-B73B-99813A42C1E8}.Release|x64.ActiveCfg = Release|x64
		{04418EE6-49A0-4255-B73B-99813A42C1E8}.Release|x64.Build.0 = Release|x64
		{04418EE6-49A0-4255-B73B-99813A42C1E8}.Release|x64.Deploy.0 = Release|x64
		{04418EE6-49A0-4255-B73B-99813A42C1E8}.Release|x86.ActiveCfg = Release|Win32
		{04418EE6-49A0-4255-B73B-99813A42C1E8}.Release|x86.Build.0 = Release|Win32
		{04418EE6-49A0-4255-B73B-99813A42C1E8}.Release|x86.Deploy.0 = Release|Win32
		{53575FEB-C7AE-4268-8C0A-4475B3213D64}.Debug|x64.ActiveCfg = Debug|x64
		{53575FEB-C7AE-4268-8C0A-4475B3213D64}.Debug|x64.Build.0 = Debug|x64
		{53575FEB-C7AE-4268-8C0A-4475B3213D64}.Debug|x86.ActiveCfg = Debug|Win32
		{53575FEB-C7AE-4268-8C0A-4475B3213D64}.Debug|x86.Build.0 = Debug|Win32
		{53575FEB-C7AE-4268-8C0A-4475B3213D64}.Release|x64.ActiveCfg = Release|x64
		{53575FEB-C7AE-4268-8C0A-4475B3213D64}.Release|x64.Build.0 = Release|x64
		{53575FEB-C7AE-4268-8C0A-4475B3213D64}.Release|x86.ActiveCfg = Release|Win32
		{53575FEB-C7AE-4268-8C0A-4475B3213D64}.Release|x86.Build.0 = Release|Win32
		{0C88F548-D41D-436C-B2A9-F11AD967D669}.Debug|x64.ActiveCfg = Debug|x64
		{0C88F548-D41D-436C-B2A9-F11AD967D669}.Debug|x64.Build.0 = Debug|x64
		{0C88F548-D41D-436C-B2A9-F11AD967D669}.Debug|x86.ActiveCfg = Debug|Win32
		{0C88F548-D41D-436C-B2A9-F11AD967D669}.Debug|x86.Build.0 = Debug|Win32
		{0C88F548-D41D-436C-B2A9-F11AD967D669}.Release|x64.ActiveCfg = Release|x64
		{0C88F548-D41D-436C-B2A9-F11AD967D669}.Release|x64.Build.0 = Release|x64
		{0C88F548-D41D-436C-B2A9-F11AD967D669}.Release|x86.ActiveCfg = Release|Win32
		{0C88F548-D41D-436C-B2A9-F11AD967D669}.Release|x86.Build.0 = Release|Win32
		{44BDC43A-B011-4454-B2D4-3B1C0AA4BBE0}.Debug|x64.ActiveCfg = Debug|x64
		{44BDC43A-B011-4454-B2D4-3B1C0AA4BBE0}.Debug|x64.Build.0 = Debug|x64
		{44BDC43A-B011-4454-B2D4-3B1C0AA4BBE0}.Debug|x86.ActiveCfg = Debug|Win32
		{44BDC43A-B011-4454-B2D4-3B1C0AA4BBE0}.Debug|x86.Build.0 = Debug|Win32
		{44BDC43A-B011-4454-B2D4-3B1C0AA4BBE0}.Release|x64.ActiveCfg = Release|x64
		{44BDC43A-B011-4454-B2D4-3B1C0AA4BBE0}.Release|x64.Build.0 = Release|x64
		{44BDC43A-B011-4454-B2D4-3B1C0AA4BBE0}.Release|x86.ActiveCfg = Release|Win32
		{44BDC43A-B011-4454-B2D4-3B1C0AA4BBE0}.Release|x86.Build.0 = Release|Win32
	EndGlobalSection
	GlobalSection(SolutionProperties) = preSolution
		HideSolutionNode = FALSE
	EndGlobalSection
	GlobalSection(NestedProjects) = preSolution
		{73ECEAE4-3734-4D8A-AD32-96FD75CCC9BF} = {1B8E4F65-F654-4CBB-A8E7-0F16C850CE95}
		{108E2B3A-F4DD-4FE8-9CEC-8FE35341F0EF} = {1B8E4F65-F654-4CBB-A8E7-0F16C850CE95}
		{1566189B-327A-4BDB-87FC-D67FD692FA7D} = {E98F07A0-7C14-4BCE-81D8-9EF684453A70}
		{094D20E7-AA41-4C2E-B4D4-30E66514ECAF} = {1566189B-327A-4BDB-87FC-D67FD692FA7D}
		{DFBDE9A9-712D-4F7A-BAB6-1ECD90503BA5} = {E98F07A0-7C14-4BCE-81D8-9EF684453A70}
		{28AF6A14-2CE2-4D2D-99BA-82E93AA513FB} = {DFBDE9A9-712D-4F7A-BAB6-1ECD90503BA5}
		{5094D1CC-1093-49EB-80F1-9E37B95CDD63} = {28AF6A14-2CE2-4D2D-99BA-82E93AA513FB}
		{5F6CCAD2-FDF3-4F0E-8FF5-842B2191C9DA} = {28AF6A14-2CE2-4D2D-99BA-82E93AA513FB}
		{04418EE6-49A0-4255-B73B-99813A42C1E8} = {5F6CCAD2-FDF3-4F0E-8FF5-842B2191C9DA}
		{53575FEB-C7AE-4268-8C0A-4475B3213D64} = {5094D1CC-1093-49EB-80F1-9E37B95CDD63}
		{0C88F548-D41D-436C-B2A9-F11AD967D669} = {5094D1CC-1093-49EB-80F1-9E37B95CDD63}
		{8E1418A2-202D-4171-8FFB-D158176F2F81} = {969C2EE2-2163-458F-9B99-DECE25375A7F}
		{21CCA8CB-7638-4798-97DF-6D97E0C1A0FD} = {969C2EE2-2163-458F-9B99-DECE25375A7F}
		{54570AF1-0306-4662-84E8-783BFC828499} = {969C2EE2-2163-458F-9B99-DECE25375A7F}
		{44BDC43A-B011-4454-B2D4-3B1C0AA4BBE0} = {54570AF1-0306-4662-84E8-783BFC828499}
	EndGlobalSection
	GlobalSection(ExtensibilityGlobals) = postSolution
		SolutionGuid = {88BC4010-08A2-4E06-9B4D-4B73FA243DD3}
	EndGlobalSection
EndGlobal
